{
  "nodes": {
    "emacs-overlay": {
      "locked": {
        "lastModified": 1633887273,
        "narHash": "sha256-iK1Rdl5xAiMZsnEgY58q/kb2Q11JnKcB/BkPDfmrgRM=",
        "owner": "nix-community",
        "repo": "emacs-overlay",
        "rev": "a0c16aadd9b4a2d8cd32910c422c63f358c6609e",
        "type": "github"
      },
      "original": {
        "owner": "nix-community",
        "repo": "emacs-overlay",
        "type": "github"
      }
    },
    "flake-utils": {
      "locked": {
        "lastModified": 1631561581,
        "narHash": "sha256-3VQMV5zvxaVLvqqUrNz3iJelLw30mIVSfZmAaauM3dA=",
        "owner": "numtide",
        "repo": "flake-utils",
        "rev": "7e5bf3925f6fbdfaf50a2a7ca0be2879c4261d19",
        "type": "github"
      },
      "original": {
        "owner": "numtide",
        "repo": "flake-utils",
        "type": "github"
      }
    },
    "nixpkgs": {
      "locked": {
        "lastModified": 1633899635,
        "narHash": "sha256-UVHcOFY06krLnK80QqpIZ7RXfsEvAX5hIGoXNkY70dY=",
        "owner": "nixos",
        "repo": "nixpkgs",
        "rev": "772285e6bbfc0b7dee56cedbce013184acd52e0c",
        "type": "github"
      },
      "original": {
        "owner": "nixos",
        "repo": "nixpkgs",
        "type": "github"
      }
    },
    "root": {
      "inputs": {
        "emacs-overlay": "emacs-overlay",
        "flake-utils": "flake-utils",
        "nixpkgs": "nixpkgs"
      }
    }
  },
  "root": "root",
  "version": 7
}
